{
  "nodes": {
    "anthropic-auth-src": {
      "flake": false,
      "locked": {
        "lastModified": 1769584201,
        "narHash": "sha256-7Ua5XgBbI4Nn6CR7OYRntSrpqdiEs8sIB1jXaWC3rb8=",
        "owner": "sst",
        "repo": "opencode-anthropic-auth",
        "rev": "07e7c7caa80680ae1bbb3c624f819fa508b8b1d7",
        "type": "github"
      },
      "original": {
        "owner": "sst",
        "repo": "opencode-anthropic-auth",
        "type": "github"
      }
    },
    "antigravity-src": {
      "flake": false,
      "locked": {
        "lastModified": 1769781567,
        "narHash": "sha256-Wh/dr44WNJs0QqgSpDmdAGsxVbelFp8X3XG2972r0io=",
        "owner": "shekohex",
        "repo": "opencode-google-antigravity-auth",
        "rev": "d20188e34c9f3313536b616b4c780ba03dce6862",
        "type": "github"
      },
      "original": {
        "owner": "shekohex",
        "repo": "opencode-google-antigravity-auth",
        "type": "github"
      }
    },
    "nixpkgs": {
      "locked": {
        "lastModified": 1770019141,
        "narHash": "sha256-VKS4ZLNx4PNrABoB0L8KUpc1fE7CLpQXQs985tGfaCU=",
        "owner": "NixOS",
        "repo": "nixpkgs",
        "rev": "cb369ef2efd432b3cdf8622b0ffc0a97a02f3137",
        "type": "github"
      },
      "original": {
        "owner": "NixOS",
        "ref": "nixos-unstable",
        "repo": "nixpkgs",
        "type": "github"
      }
    },
    "oh-my-opencode-src": {
      "flake": false,
      "locked": {
        "lastModified": 1770051542,
        "narHash": "sha256-8I6xBkaqYYMGDzCDqQ1fIdC4O9ihfM9deSAYOTpy/gY=",
        "owner": "code-yeongyu",
        "repo": "oh-my-opencode",
        "rev": "0f81d4c12624e983422b6510f4b8c1ed2fef1ffd",
        "type": "github"
      },
      "original": {
        "owner": "code-yeongyu",
        "repo": "oh-my-opencode",
        "type": "github"
      }
    },
    "root": {
      "inputs": {
        "anthropic-auth-src": "anthropic-auth-src",
        "antigravity-src": "antigravity-src",
        "nixpkgs": "nixpkgs",
        "oh-my-opencode-src": "oh-my-opencode-src"
      }
    }
  },
  "root": "root",
  "version": 7
}
