{
  "nodes": {
    "anthropic-auth-src": {
      "flake": false,
      "locked": {
        "lastModified": 1770222711,
        "narHash": "sha256-3RVbRH7+5iFhytPpi2VYqFipWTmFCN/7p2hG9bjCQmQ=",
        "owner": "sst",
        "repo": "opencode-anthropic-auth",
        "rev": "d5a1ab46ac58c93d0edf5c9eea46f3e72981f1fd",
        "type": "github"
      },
      "original": {
        "owner": "sst",
        "repo": "opencode-anthropic-auth",
        "type": "github"
      }
    },
    "antigravity-src": {
      "flake": false,
      "locked": {
        "lastModified": 1771446315,
        "narHash": "sha256-+5OvXZ9bf6lTDdfkNtxavw0Gc0dAtRmRQx2Vsbsk/IA=",
        "owner": "shekohex",
        "repo": "opencode-google-antigravity-auth",
        "rev": "bcf88f2e9879d6e91f4ab40a243f268179a9df28",
        "type": "github"
      },
      "original": {
        "owner": "shekohex",
        "repo": "opencode-google-antigravity-auth",
        "type": "github"
      }
    },
    "nixpkgs": {
      "locked": {
        "lastModified": 1771848320,
        "narHash": "sha256-0MAd+0mun3K/Ns8JATeHT1sX28faLII5hVLq0L3BdZU=",
        "owner": "NixOS",
        "repo": "nixpkgs",
        "rev": "2fc6539b481e1d2569f25f8799236694180c0993",
        "type": "github"
      },
      "original": {
        "owner": "NixOS",
        "ref": "nixos-unstable",
        "repo": "nixpkgs",
        "type": "github"
      }
    },
    "oh-my-opencode-src": {
      "flake": false,
      "locked": {
        "lastModified": 1771953163,
        "narHash": "sha256-CAuUVhxJ7S4XzEz+UpM6R9cyEQtIxMD+lJVxp4ONmgg=",
        "owner": "code-yeongyu",
        "repo": "oh-my-opencode",
        "rev": "15519b95802376d4e3a631443c0fa74d895e960d",
        "type": "github"
      },
      "original": {
        "owner": "code-yeongyu",
        "repo": "oh-my-opencode",
        "type": "github"
      }
    },
    "root": {
      "inputs": {
        "anthropic-auth-src": "anthropic-auth-src",
        "antigravity-src": "antigravity-src",
        "nixpkgs": "nixpkgs",
        "oh-my-opencode-src": "oh-my-opencode-src"
      }
    }
  },
  "root": "root",
  "version": 7
}
